
Microsoft Visual Studio Solution File, Format Version 12.00
# Visual Studio Version 17
VisualStudioVersion = 17.3.32708.82
MinimumVisualStudioVersion = 10.0.40219.1
Project("{54A90642-561A-4BB1-A94E-469ADEE60C69}") = "seva", "seva.esproj", "{30E4C899-2C1D-4157-8710-B6A43964EC20}"
EndProject
Global
	GlobalSection(SolutionConfigurationPlatforms) = preSolution
		Debug|Any CPU = Debug|Any CPU
		Release|Any CPU = Release|Any CPU
	EndGlobalSection
	GlobalSection(ProjectConfigurationPlatforms) = postSolution
		{30E4C899-2C1D-4157-8710-B6A43964EC20}.Debug|Any CPU.ActiveCfg = Debug|Any CPU
		{30E4C899-2C1D-4157-8710-B6A43964EC20}.Debug|Any CPU.Build.0 = Debug|Any CPU
		{30E4C899-2C1D-4157-8710-B6A43964EC20}.Debug|Any CPU.Deploy.0 = Debug|Any CPU
		{30E4C899-2C1D-4157-8710-B6A43964EC20}.Release|Any CPU.ActiveCfg = Release|Any CPU
		{30E4C899-2C1D-4157-8710-B6A43964EC20}.Release|Any CPU.Build.0 = Release|Any CPU
		{30E4C899-2C1D-4157-8710-B6A43964EC20}.Release|Any CPU.Deploy.0 = Release|Any CPU
	EndGlobalSection
	GlobalSection(SolutionProperties) = preSolution
		HideSolutionNode = FALSE
	EndGlobalSection
	GlobalSection(ExtensibilityGlobals) = postSolution
		SolutionGuid = {B5ADC6A3-2D10-432E-B0C8-3910C846BA11}
	EndGlobalSection
EndGlobal
